# THIS IS AN AUTOGENERATED FILE. DO NOT EDIT THIS FILE DIRECTLY.
# yarn lockfile v1


sonner@^1.2.4:
  version "1.2.4"
  resolved "https://registry.yarnpkg.com/sonner/-/sonner-1.2.4.tgz#c13b079a79fabef72135537aeb0164ad0671d044"
  integrity sha512-WGLP2QQnomgewaCTsK7YWiLcy5n1Yj83vsL5cP4zHMmpSkmFsCYTpQKhlXJrPE5kzjwbqCkCFXcOpbKc4vaUaA==
